
Microsoft Visual Studio Solution File, Format Version 12.00
# Visual Studio 15
VisualStudioVersion = 15.0.28307.539
MinimumVisualStudioVersion = 10.0.40219.1
Project("{FAE04EC0-301F-11D3-BF4B-00C04F79EFBC}") = "Front_End", "DawnShoesV2\Front_End.csproj", "{0E8655AB-E4E5-40CF-9AEE-3F9D9D529262}"
EndProject
Project("{FAE04EC0-301F-11D3-BF4B-00C04F79EFBC}") = "Back_End", "Back_End\Back_End.csproj", "{187F9FD6-57FE-4F78-BC7B-1F02E5C0696B}"
EndProject
Global
	GlobalSection(SolutionConfigurationPlatforms) = preSolution
		Debug|Any CPU = Debug|Any CPU
		Release|Any CPU = Release|Any CPU
	EndGlobalSection
	GlobalSection(ProjectConfigurationPlatforms) = postSolution
		{0E8655AB-E4E5-40CF-9AEE-3F9D9D529262}.Debug|Any CPU.ActiveCfg = Debug|Any CPU
		{0E8655AB-E4E5-40CF-9AEE-3F9D9D529262}.Debug|Any CPU.Build.0 = Debug|Any CPU
		{0E8655AB-E4E5-40CF-9AEE-3F9D9D529262}.Release|Any CPU.ActiveCfg = Release|Any CPU
		{0E8655AB-E4E5-40CF-9AEE-3F9D9D529262}.Release|Any CPU.Build.0 = Release|Any CPU
		{187F9FD6-57FE-4F78-BC7B-1F02E5C0696B}.Debug|Any CPU.ActiveCfg = Debug|Any CPU
		{187F9FD6-57FE-4F78-BC7B-1F02E5C0696B}.Debug|Any CPU.Build.0 = Debug|Any CPU
		{187F9FD6-57FE-4F78-BC7B-1F02E5C0696B}.Release|Any CPU.ActiveCfg = Release|Any CPU
		{187F9FD6-57FE-4F78-BC7B-1F02E5C0696B}.Release|Any CPU.Build.0 = Release|Any CPU
	EndGlobalSection
	GlobalSection(SolutionProperties) = preSolution
		HideSolutionNode = FALSE
	EndGlobalSection
	GlobalSection(ExtensibilityGlobals) = postSolution
		SolutionGuid = {AFE42663-C8A4-4B3A-984B-A99C1E9D4BA9}
	EndGlobalSection
EndGlobal
